
Microsoft Visual Studio Solution File, Format Version 12.00
# Visual Studio Version 17
VisualStudioVersion = 17.5.33530.505
MinimumVisualStudioVersion = 10.0.40219.1
Project("{FAE04EC0-301F-11D3-BF4B-00C04F79EFBC}") = "LinkedLists.Logic", "LinkedLists.Logic\LinkedLists.Logic.csproj", "{4AEAC6D5-3F5B-4E4B-B4AD-A0574EAE4377}"
EndProject
Project("{FAE04EC0-301F-11D3-BF4B-00C04F79EFBC}") = "LinkedLists.UI", "LinkedLists.UI\LinkedLists.UI.csproj", "{60E690EB-DC8B-4B3A-A4F5-2E98D98F122D}"
EndProject
Global
	GlobalSection(SolutionConfigurationPlatforms) = preSolution
		Debug|Any CPU = Debug|Any CPU
		Release|Any CPU = Release|Any CPU
	EndGlobalSection
	GlobalSection(ProjectConfigurationPlatforms) = postSolution
		{4AEAC6D5-3F5B-4E4B-B4AD-A0574EAE4377}.Debug|Any CPU.ActiveCfg = Debug|Any CPU
		{4AEAC6D5-3F5B-4E4B-B4AD-A0574EAE4377}.Debug|Any CPU.Build.0 = Debug|Any CPU
		{4AEAC6D5-3F5B-4E4B-B4AD-A0574EAE4377}.Release|Any CPU.ActiveCfg = Release|Any CPU
		{4AEAC6D5-3F5B-4E4B-B4AD-A0574EAE4377}.Release|Any CPU.Build.0 = Release|Any CPU
		{60E690EB-DC8B-4B3A-A4F5-2E98D98F122D}.Debug|Any CPU.ActiveCfg = Debug|Any CPU
		{60E690EB-DC8B-4B3A-A4F5-2E98D98F122D}.Debug|Any CPU.Build.0 = Debug|Any CPU
		{60E690EB-DC8B-4B3A-A4F5-2E98D98F122D}.Release|Any CPU.ActiveCfg = Release|Any CPU
		{60E690EB-DC8B-4B3A-A4F5-2E98D98F122D}.Release|Any CPU.Build.0 = Release|Any CPU
	EndGlobalSection
	GlobalSection(SolutionProperties) = preSolution
		HideSolutionNode = FALSE
	EndGlobalSection
	GlobalSection(ExtensibilityGlobals) = postSolution
		SolutionGuid = {2544121E-7ABC-4167-A9CB-25E4F71D1604}
	EndGlobalSection
EndGlobal
